
Microsoft Visual Studio Solution File, Format Version 11.00
# Visual Studio 2010
Project("{E24C65DC-7377-472B-9ABA-BC803B73C61A}") = "Sencha Touch Project1", "..\..\WebSites\Sencha Touch Project1\", "{3EEDC490-8C34-4DEC-83EB-F1B3B02FDED4}"
	ProjectSection(WebsiteProperties) = preProject
		TargetFrameworkMoniker = ".NETFramework,Version%3Dv4.0"
		Debug.AspNetCompiler.VirtualPath = "/Sencha Touch Project1"
		Debug.AspNetCompiler.PhysicalPath = "..\..\WebSites\Sencha Touch Project1\"
		Debug.AspNetCompiler.TargetPath = "PrecompiledWeb\Sencha Touch Project1\"
		Debug.AspNetCompiler.Updateable = "true"
		Debug.AspNetCompiler.ForceOverwrite = "true"
		Debug.AspNetCompiler.FixedNames = "false"
		Debug.AspNetCompiler.Debug = "True"
		Release.AspNetCompiler.VirtualPath = "/Sencha Touch Project1"
		Release.AspNetCompiler.PhysicalPath = "..\..\WebSites\Sencha Touch Project1\"
		Release.AspNetCompiler.TargetPath = "PrecompiledWeb\Sencha Touch Project1\"
		Release.AspNetCompiler.Updateable = "true"
		Release.AspNetCompiler.ForceOverwrite = "true"
		Release.AspNetCompiler.FixedNames = "false"
		Release.AspNetCompiler.Debug = "False"
		VWDPort = "50000"
		DefaultWebSiteLanguage = "Visual C#"
	EndProjectSection
EndProject
Global
	GlobalSection(SolutionConfigurationPlatforms) = preSolution
		Debug|Any CPU = Debug|Any CPU
	EndGlobalSection
	GlobalSection(ProjectConfigurationPlatforms) = postSolution
		{3EEDC490-8C34-4DEC-83EB-F1B3B02FDED4}.Debug|Any CPU.ActiveCfg = Debug|Any CPU
		{3EEDC490-8C34-4DEC-83EB-F1B3B02FDED4}.Debug|Any CPU.Build.0 = Debug|Any CPU
	EndGlobalSection
	GlobalSection(SolutionProperties) = preSolution
		HideSolutionNode = FALSE
	EndGlobalSection
EndGlobal
